
Microsoft Visual Studio Solution File, Format Version 12.00
Project("{FAE04EC0-301F-11D3-BF4B-00C04F79EFBC}") = "ChatApp", "ChatApp\ChatApp.csproj", "{C8A4F584-79E7-4541-826F-2671F7984B75}"
EndProject
Project("{FAE04EC0-301F-11D3-BF4B-00C04F79EFBC}") = "Lab2", "Lab2\Lab2.csproj", "{D665EE79-150E-4CC0-8815-8707B97CF1AF}"
EndProject
Project("{FAE04EC0-301F-11D3-BF4B-00C04F79EFBC}") = "Lab6", "Lab6\Lab6.csproj", "{27656DDC-B0C8-4517-9666-7D9DCF03C992}"
EndProject
Project("{FAE04EC0-301F-11D3-BF4B-00C04F79EFBC}") = "Lab5", "Lab5\Lab5.csproj", "{18F32727-D361-4B04-8CA7-CF8ED55D1DE6}"
EndProject
Global
	GlobalSection(SolutionConfigurationPlatforms) = preSolution
		Debug|Any CPU = Debug|Any CPU
		Release|Any CPU = Release|Any CPU
	EndGlobalSection
	GlobalSection(ProjectConfigurationPlatforms) = postSolution
		{C8A4F584-79E7-4541-826F-2671F7984B75}.Debug|Any CPU.ActiveCfg = Debug|Any CPU
		{C8A4F584-79E7-4541-826F-2671F7984B75}.Debug|Any CPU.Build.0 = Debug|Any CPU
		{C8A4F584-79E7-4541-826F-2671F7984B75}.Release|Any CPU.ActiveCfg = Release|Any CPU
		{C8A4F584-79E7-4541-826F-2671F7984B75}.Release|Any CPU.Build.0 = Release|Any CPU
		{D665EE79-150E-4CC0-8815-8707B97CF1AF}.Debug|Any CPU.ActiveCfg = Debug|Any CPU
		{D665EE79-150E-4CC0-8815-8707B97CF1AF}.Debug|Any CPU.Build.0 = Debug|Any CPU
		{D665EE79-150E-4CC0-8815-8707B97CF1AF}.Release|Any CPU.ActiveCfg = Release|Any CPU
		{D665EE79-150E-4CC0-8815-8707B97CF1AF}.Release|Any CPU.Build.0 = Release|Any CPU
		{27656DDC-B0C8-4517-9666-7D9DCF03C992}.Debug|Any CPU.ActiveCfg = Debug|Any CPU
		{27656DDC-B0C8-4517-9666-7D9DCF03C992}.Debug|Any CPU.Build.0 = Debug|Any CPU
		{27656DDC-B0C8-4517-9666-7D9DCF03C992}.Release|Any CPU.ActiveCfg = Release|Any CPU
		{27656DDC-B0C8-4517-9666-7D9DCF03C992}.Release|Any CPU.Build.0 = Release|Any CPU
		{18F32727-D361-4B04-8CA7-CF8ED55D1DE6}.Debug|Any CPU.ActiveCfg = Debug|Any CPU
		{18F32727-D361-4B04-8CA7-CF8ED55D1DE6}.Debug|Any CPU.Build.0 = Debug|Any CPU
		{18F32727-D361-4B04-8CA7-CF8ED55D1DE6}.Release|Any CPU.ActiveCfg = Release|Any CPU
		{18F32727-D361-4B04-8CA7-CF8ED55D1DE6}.Release|Any CPU.Build.0 = Release|Any CPU
	EndGlobalSection
EndGlobal
